{
  "name": "MYSCLE-EXAM",
  "lockfileVersion": 3,
  "requires": true,
  "packages": {
    "": {
      "dependencies": {
        "@stripe/stripe-js": "^9.5.0",
        "chart.js": "^4.5.1"
      }
    },
    "node_modules/@kurkle/color": {
      "version": "0.3.4",
      "resolved": "https://registry.npmjs.org/@kurkle/color/-/color-0.3.4.tgz",
      "integrity": "sha512-M5UknZPHRu3DEDWoipU6sE8PdkZ6Z/S+v4dD+Ke8IaNlpdSQah50lz1KtcFBa2vsdOnwbbnxJwVM4wty6udA5w==",
      "license": "MIT"
    },
    "node_modules/@stripe/stripe-js": {
      "version": "9.5.0",
      "resolved": "https://registry.npmjs.org/@stripe/stripe-js/-/stripe-js-9.5.0.tgz",
      "integrity": "sha512-dTQWkJRw5lhcQipPuw6qZRBK2zY5eWWZ1Srw9mSjhIXSLdsNYO3uaIV+YRMkI0/tB/D7yQdHYStrcZrbeHI5Jg==",
      "license": "MIT",
      "engines": {
        "node": ">=12.16"
      }
    },
    "node_modules/chart.js": {
      "version": "4.5.1",
      "resolved": "https://registry.npmjs.org/chart.js/-/chart.js-4.5.1.tgz",
      "integrity": "sha512-GIjfiT9dbmHRiYi6Nl2yFCq7kkwdkp1W/lp2J99rX0yo9tgJGn3lKQATztIjb5tVtevcBtIdICNWqlq5+E8/Pw==",
      "license": "MIT",
      "dependencies": {
        "@kurkle/color": "^0.3.0"
      },
      "engines": {
        "pnpm": ">=8"
      }
    }
  }
}
